
Microsoft Visual Studio Solution File, Format Version 12.00
# Visual Studio 15
VisualStudioVersion = 15.0.27130.2010
MinimumVisualStudioVersion = 10.0.40219.1
Project("{FAE04EC0-301F-11D3-BF4B-00C04F79EFBC}") = "LinkGenGui", "LinkGenGui\LinkGenGui.csproj", "{7AC8AB33-C2B5-4C8F-BAF8-8BF8F87153A0}"
EndProject
Project("{FAE04EC0-301F-11D3-BF4B-00C04F79EFBC}") = "LinkGen", "LinkGen\LinkGen.csproj", "{0B3AE300-B6C9-43D1-9B0E-D1ABBD3709B8}"
EndProject
Global
	GlobalSection(SolutionConfigurationPlatforms) = preSolution
		Debug|Any CPU = Debug|Any CPU
		Release|Any CPU = Release|Any CPU
	EndGlobalSection
	GlobalSection(ProjectConfigurationPlatforms) = postSolution
		{7AC8AB33-C2B5-4C8F-BAF8-8BF8F87153A0}.Debug|Any CPU.ActiveCfg = Debug|Any CPU
		{7AC8AB33-C2B5-4C8F-BAF8-8BF8F87153A0}.Debug|Any CPU.Build.0 = Debug|Any CPU
		{7AC8AB33-C2B5-4C8F-BAF8-8BF8F87153A0}.Release|Any CPU.ActiveCfg = Release|Any CPU
		{7AC8AB33-C2B5-4C8F-BAF8-8BF8F87153A0}.Release|Any CPU.Build.0 = Release|Any CPU
		{0B3AE300-B6C9-43D1-9B0E-D1ABBD3709B8}.Debug|Any CPU.ActiveCfg = Debug|Any CPU
		{0B3AE300-B6C9-43D1-9B0E-D1ABBD3709B8}.Debug|Any CPU.Build.0 = Debug|Any CPU
		{0B3AE300-B6C9-43D1-9B0E-D1ABBD3709B8}.Release|Any CPU.ActiveCfg = Release|Any CPU
		{0B3AE300-B6C9-43D1-9B0E-D1ABBD3709B8}.Release|Any CPU.Build.0 = Release|Any CPU
	EndGlobalSection
	GlobalSection(SolutionProperties) = preSolution
		HideSolutionNode = FALSE
	EndGlobalSection
	GlobalSection(ExtensibilityGlobals) = postSolution
		SolutionGuid = {AFB4E8EA-785B-44C1-8AA0-EFD8E63A1511}
	EndGlobalSection
EndGlobal
